
Microsoft Visual Studio Solution File, Format Version 12.00
# Visual Studio Version 16
VisualStudioVersion = 16.0.30225.117
MinimumVisualStudioVersion = 10.0.40219.1
Project("{FAE04EC0-301F-11D3-BF4B-00C04F79EFBC}") = "HandsOnWebApi", "HandsOnWebApi\HandsOnWebApi.csproj", "{A4B6444E-44DE-42F1-AD40-B2006FA897E5}"
EndProject
Global
	GlobalSection(SolutionConfigurationPlatforms) = preSolution
		Debug|Any CPU = Debug|Any CPU
		Release|Any CPU = Release|Any CPU
	EndGlobalSection
	GlobalSection(ProjectConfigurationPlatforms) = postSolution
		{A4B6444E-44DE-42F1-AD40-B2006FA897E5}.Debug|Any CPU.ActiveCfg = Debug|Any CPU
		{A4B6444E-44DE-42F1-AD40-B2006FA897E5}.Debug|Any CPU.Build.0 = Debug|Any CPU
		{A4B6444E-44DE-42F1-AD40-B2006FA897E5}.Release|Any CPU.ActiveCfg = Release|Any CPU
		{A4B6444E-44DE-42F1-AD40-B2006FA897E5}.Release|Any CPU.Build.0 = Release|Any CPU
	EndGlobalSection
	GlobalSection(SolutionProperties) = preSolution
		HideSolutionNode = FALSE
	EndGlobalSection
	GlobalSection(ExtensibilityGlobals) = postSolution
		SolutionGuid = {55638AC1-DDC7-4750-935F-DA7D5DB7AA1B}
	EndGlobalSection
EndGlobal
