
Microsoft Visual Studio Solution File, Format Version 12.00
# Visual Studio Version 16
VisualStudioVersion = 16.0.30225.117
MinimumVisualStudioVersion = 10.0.40219.1
Project("{FAE04EC0-301F-11D3-BF4B-00C04F79EFBC}") = "DesignPatterns", "DesignPatterns\DesignPatterns.csproj", "{2F39A3FD-F5D3-4C40-9EE6-44DB938D695C}"
EndProject
Global
	GlobalSection(SolutionConfigurationPlatforms) = preSolution
		Debug|Any CPU = Debug|Any CPU
		Release|Any CPU = Release|Any CPU
	EndGlobalSection
	GlobalSection(ProjectConfigurationPlatforms) = postSolution
		{2F39A3FD-F5D3-4C40-9EE6-44DB938D695C}.Debug|Any CPU.ActiveCfg = Debug|Any CPU
		{2F39A3FD-F5D3-4C40-9EE6-44DB938D695C}.Debug|Any CPU.Build.0 = Debug|Any CPU
		{2F39A3FD-F5D3-4C40-9EE6-44DB938D695C}.Release|Any CPU.ActiveCfg = Release|Any CPU
		{2F39A3FD-F5D3-4C40-9EE6-44DB938D695C}.Release|Any CPU.Build.0 = Release|Any CPU
	EndGlobalSection
	GlobalSection(SolutionProperties) = preSolution
		HideSolutionNode = FALSE
	EndGlobalSection
	GlobalSection(ExtensibilityGlobals) = postSolution
		SolutionGuid = {17207F0D-186E-4437-998C-659F19677144}
	EndGlobalSection
EndGlobal
